
Microsoft Visual Studio Solution File, Format Version 12.00
# Visual Studio 15
VisualStudioVersion = 15.0.27428.2015
MinimumVisualStudioVersion = 10.0.40219.1
Project("{FAE04EC0-301F-11D3-BF4B-00C04F79EFBC}") = "WebApplication", "WebApplication\WebApplication.csproj", "{0A25823C-826A-4E13-8B08-78FFB7B57ED5}"
EndProject
Global
	GlobalSection(SolutionConfigurationPlatforms) = preSolution
		Debug|Any CPU = Debug|Any CPU
		Release|Any CPU = Release|Any CPU
	EndGlobalSection
	GlobalSection(ProjectConfigurationPlatforms) = postSolution
		{0A25823C-826A-4E13-8B08-78FFB7B57ED5}.Debug|Any CPU.ActiveCfg = Debug|Any CPU
		{0A25823C-826A-4E13-8B08-78FFB7B57ED5}.Debug|Any CPU.Build.0 = Debug|Any CPU
		{0A25823C-826A-4E13-8B08-78FFB7B57ED5}.Release|Any CPU.ActiveCfg = Release|Any CPU
		{0A25823C-826A-4E13-8B08-78FFB7B57ED5}.Release|Any CPU.Build.0 = Release|Any CPU
	EndGlobalSection
	GlobalSection(SolutionProperties) = preSolution
		HideSolutionNode = FALSE
	EndGlobalSection
	GlobalSection(ExtensibilityGlobals) = postSolution
		SolutionGuid = {38A0BDA9-7B3C-4212-9804-9DD40D9D1986}
	EndGlobalSection
EndGlobal
